
Microsoft Visual Studio Solution File, Format Version 12.00
# Visual Studio Version 16
VisualStudioVersion = 16.0.29306.81
MinimumVisualStudioVersion = 10.0.40219.1
Project("{FAE04EC0-301F-11D3-BF4B-00C04F79EFBC}") = "QuantumStorageRedux", "QuantumStorageRedux\QuantumStorageRedux.csproj", "{56B8D17A-1CC6-413D-9F77-A2F7E5621240}"
EndProject
Global
	GlobalSection(SolutionConfigurationPlatforms) = preSolution
		Debug|Any CPU = Debug|Any CPU
		Release|Any CPU = Release|Any CPU
	EndGlobalSection
	GlobalSection(ProjectConfigurationPlatforms) = postSolution
		{56B8D17A-1CC6-413D-9F77-A2F7E5621240}.Debug|Any CPU.ActiveCfg = Debug|Any CPU
		{56B8D17A-1CC6-413D-9F77-A2F7E5621240}.Debug|Any CPU.Build.0 = Debug|Any CPU
		{56B8D17A-1CC6-413D-9F77-A2F7E5621240}.Release|Any CPU.ActiveCfg = Release|Any CPU
		{56B8D17A-1CC6-413D-9F77-A2F7E5621240}.Release|Any CPU.Build.0 = Release|Any CPU
	EndGlobalSection
	GlobalSection(SolutionProperties) = preSolution
		HideSolutionNode = FALSE
	EndGlobalSection
	GlobalSection(ExtensibilityGlobals) = postSolution
		SolutionGuid = {38101691-05B2-4149-8EB8-34B51E16592E}
	EndGlobalSection
EndGlobal
