Microsoft Visual Studio Solution File, Format Version 12.00
# Visual Studio Version 17
VisualStudioVersion = 17.0.32112.339
MinimumVisualStudioVersion = 10.0.40219.1
Project("{9A19103F-16F7-4668-BE54-9A1E7A4F7556}") = "QuantumStorageRedux", "QuantumStorageRedux\QuantumStorageRedux.csproj", "{ADFE3A03-38A2-4F8F-92CA-2F89ACD469F6}"
EndProject
Global
	GlobalSection(SolutionConfigurationPlatforms) = preSolution
		Debug|Any CPU = Debug|Any CPU
		Release|Any CPU = Release|Any CPU
	EndGlobalSection
	GlobalSection(ProjectConfigurationPlatforms) = postSolution
		{ADFE3A03-38A2-4F8F-92CA-2F89ACD469F6}.Debug|Any CPU.ActiveCfg = Debug|Any CPU
		{ADFE3A03-38A2-4F8F-92CA-2F89ACD469F6}.Debug|Any CPU.Build.0 = Debug|Any CPU
		{ADFE3A03-38A2-4F8F-92CA-2F89ACD469F6}.Release|Any CPU.ActiveCfg = Release|Any CPU
		{ADFE3A03-38A2-4F8F-92CA-2F89ACD469F6}.Release|Any CPU.Build.0 = Release|Any CPU
	EndGlobalSection
	GlobalSection(SolutionProperties) = preSolution
		HideSolutionNode = FALSE
	EndGlobalSection
	GlobalSection(ExtensibilityGlobals) = postSolution
		SolutionGuid = {1e5c1601-de6f-4886-9d5c-8b2126309514}
	EndGlobalSection
EndGlobal
